
Microsoft Visual Studio Solution File, Format Version 12.00
# Visual Studio Version 16
VisualStudioVersion = 16.0.31702.278
MinimumVisualStudioVersion = 10.0.40219.1
Project("{9A19103F-16F7-4668-BE54-9A1E7A4F7556}") = "PersonalityTest", "PersonalityTest\PersonalityTest.csproj", "{F05983C4-0546-41A0-B2DF-02010E6852C8}"
EndProject
Project("{9A19103F-16F7-4668-BE54-9A1E7A4F7556}") = "PersonalityTestSwitch", "PersonalityTestSwitch\PersonalityTestSwitch.csproj", "{31A6CEC0-21B7-4F26-A271-A431052004A3}"
EndProject
Project("{9A19103F-16F7-4668-BE54-9A1E7A4F7556}") = "GradingSwitch", "GradingSwitch\GradingSwitch.csproj", "{1D65B5D0-6447-4F06-B0B9-5CC714D6AB59}"
EndProject
Project("{9A19103F-16F7-4668-BE54-9A1E7A4F7556}") = "GradingIF", "GradingIF\GradingIF.csproj", "{C565F029-61C2-45BA-90E9-8169B1ED436D}"
EndProject
Project("{FAE04EC0-301F-11D3-BF4B-00C04F79EFBC}") = "Osa4", "Osa4\Osa4.csproj", "{32E73688-37DB-4E67-AFC5-68D5640B89FE}"
EndProject
Global
	GlobalSection(SolutionConfigurationPlatforms) = preSolution
		Debug|Any CPU = Debug|Any CPU
		Release|Any CPU = Release|Any CPU
	EndGlobalSection
	GlobalSection(ProjectConfigurationPlatforms) = postSolution
		{F05983C4-0546-41A0-B2DF-02010E6852C8}.Debug|Any CPU.ActiveCfg = Debug|Any CPU
		{F05983C4-0546-41A0-B2DF-02010E6852C8}.Debug|Any CPU.Build.0 = Debug|Any CPU
		{F05983C4-0546-41A0-B2DF-02010E6852C8}.Release|Any CPU.ActiveCfg = Release|Any CPU
		{F05983C4-0546-41A0-B2DF-02010E6852C8}.Release|Any CPU.Build.0 = Release|Any CPU
		{31A6CEC0-21B7-4F26-A271-A431052004A3}.Debug|Any CPU.ActiveCfg = Debug|Any CPU
		{31A6CEC0-21B7-4F26-A271-A431052004A3}.Debug|Any CPU.Build.0 = Debug|Any CPU
		{31A6CEC0-21B7-4F26-A271-A431052004A3}.Release|Any CPU.ActiveCfg = Release|Any CPU
		{31A6CEC0-21B7-4F26-A271-A431052004A3}.Release|Any CPU.Build.0 = Release|Any CPU
		{1D65B5D0-6447-4F06-B0B9-5CC714D6AB59}.Debug|Any CPU.ActiveCfg = Debug|Any CPU
		{1D65B5D0-6447-4F06-B0B9-5CC714D6AB59}.Debug|Any CPU.Build.0 = Debug|Any CPU
		{1D65B5D0-6447-4F06-B0B9-5CC714D6AB59}.Release|Any CPU.ActiveCfg = Release|Any CPU
		{1D65B5D0-6447-4F06-B0B9-5CC714D6AB59}.Release|Any CPU.Build.0 = Release|Any CPU
		{C565F029-61C2-45BA-90E9-8169B1ED436D}.Debug|Any CPU.ActiveCfg = Debug|Any CPU
		{C565F029-61C2-45BA-90E9-8169B1ED436D}.Debug|Any CPU.Build.0 = Debug|Any CPU
		{C565F029-61C2-45BA-90E9-8169B1ED436D}.Release|Any CPU.ActiveCfg = Release|Any CPU
		{C565F029-61C2-45BA-90E9-8169B1ED436D}.Release|Any CPU.Build.0 = Release|Any CPU
		{32E73688-37DB-4E67-AFC5-68D5640B89FE}.Debug|Any CPU.ActiveCfg = Debug|Any CPU
		{32E73688-37DB-4E67-AFC5-68D5640B89FE}.Debug|Any CPU.Build.0 = Debug|Any CPU
		{32E73688-37DB-4E67-AFC5-68D5640B89FE}.Release|Any CPU.ActiveCfg = Release|Any CPU
		{32E73688-37DB-4E67-AFC5-68D5640B89FE}.Release|Any CPU.Build.0 = Release|Any CPU
	EndGlobalSection
	GlobalSection(SolutionProperties) = preSolution
		HideSolutionNode = FALSE
	EndGlobalSection
	GlobalSection(ExtensibilityGlobals) = postSolution
		SolutionGuid = {C77988E6-D1FA-43FD-BA52-C70B607649F9}
	EndGlobalSection
EndGlobal
