
Microsoft Visual Studio Solution File, Format Version 12.00
# Visual Studio Version 16
VisualStudioVersion = 16.0.31702.278
MinimumVisualStudioVersion = 10.0.40219.1
Project("{9A19103F-16F7-4668-BE54-9A1E7A4F7556}") = "GradingIF", "GradingIF.csproj", "{BF1E0E79-398B-4980-BBA7-E7801C9424BA}"
EndProject
Global
	GlobalSection(SolutionConfigurationPlatforms) = preSolution
		Debug|Any CPU = Debug|Any CPU
		Release|Any CPU = Release|Any CPU
	EndGlobalSection
	GlobalSection(ProjectConfigurationPlatforms) = postSolution
		{BF1E0E79-398B-4980-BBA7-E7801C9424BA}.Debug|Any CPU.ActiveCfg = Debug|Any CPU
		{BF1E0E79-398B-4980-BBA7-E7801C9424BA}.Debug|Any CPU.Build.0 = Debug|Any CPU
		{BF1E0E79-398B-4980-BBA7-E7801C9424BA}.Release|Any CPU.ActiveCfg = Release|Any CPU
		{BF1E0E79-398B-4980-BBA7-E7801C9424BA}.Release|Any CPU.Build.0 = Release|Any CPU
	EndGlobalSection
	GlobalSection(SolutionProperties) = preSolution
		HideSolutionNode = FALSE
	EndGlobalSection
	GlobalSection(ExtensibilityGlobals) = postSolution
		SolutionGuid = {61CFBDFC-0316-4643-AFFC-D589E9EBFFAE}
	EndGlobalSection
EndGlobal
